
Microsoft Visual Studio Solution File, Format Version 12.00
# Visual Studio Version 17
VisualStudioVersion = 17.5.33516.290
MinimumVisualStudioVersion = 10.0.40219.1
Project("{FAE04EC0-301F-11D3-BF4B-00C04F79EFBC}") = "AuthFlowWithREST", "AuthFlowWithREST\AuthFlowWithREST.csproj", "{059A5F50-A5D2-4B69-B9ED-2BF100BF6482}"
EndProject
Global
	GlobalSection(SolutionConfigurationPlatforms) = preSolution
		Debug|Any CPU = Debug|Any CPU
		Release|Any CPU = Release|Any CPU
	EndGlobalSection
	GlobalSection(ProjectConfigurationPlatforms) = postSolution
		{059A5F50-A5D2-4B69-B9ED-2BF100BF6482}.Debug|Any CPU.ActiveCfg = Debug|Any CPU
		{059A5F50-A5D2-4B69-B9ED-2BF100BF6482}.Debug|Any CPU.Build.0 = Debug|Any CPU
		{059A5F50-A5D2-4B69-B9ED-2BF100BF6482}.Release|Any CPU.ActiveCfg = Release|Any CPU
		{059A5F50-A5D2-4B69-B9ED-2BF100BF6482}.Release|Any CPU.Build.0 = Release|Any CPU
	EndGlobalSection
	GlobalSection(SolutionProperties) = preSolution
		HideSolutionNode = FALSE
	EndGlobalSection
	GlobalSection(ExtensibilityGlobals) = postSolution
		SolutionGuid = {84684D27-F364-43FB-9343-B0C4453CE402}
	EndGlobalSection
EndGlobal
